
Microsoft Visual Studio Solution File, Format Version 12.00
# Visual Studio 15
VisualStudioVersion = 15.0.27130.2003
MinimumVisualStudioVersion = 10.0.40219.1
Project("{FAE04EC0-301F-11D3-BF4B-00C04F79EFBC}") = "for_while", "for_while\for_while.csproj", "{528DC3D1-A0DF-4725-8CCD-E6C9B2CE6CFE}"
EndProject
Project("{FAE04EC0-301F-11D3-BF4B-00C04F79EFBC}") = "ArrayNew", "ArrayNew\ArrayNew.csproj", "{22AE7620-4F6E-492C-8A76-435DA73DE6E5}"
EndProject
Project("{FAE04EC0-301F-11D3-BF4B-00C04F79EFBC}") = "Polindrom", "Polindrom\Polindrom.csproj", "{BF94CE08-B9B4-4969-B23A-0B74F83A9967}"
EndProject
Project("{FAE04EC0-301F-11D3-BF4B-00C04F79EFBC}") = "Key", "Key\Key.csproj", "{23D0BFE8-4B5B-437A-BAF9-F015ECF8F4E9}"
EndProject
Project("{FAE04EC0-301F-11D3-BF4B-00C04F79EFBC}") = "Task_1", "Task_1\Task_1.csproj", "{19FC7C1C-B27D-43E6-B498-1C2FD5D9F083}"
EndProject
Project("{FAE04EC0-301F-11D3-BF4B-00C04F79EFBC}") = "Task_2", "Task_2\Task_2.csproj", "{90F936EF-6A15-4CD5-8038-1069277D78B9}"
EndProject
Project("{FAE04EC0-301F-11D3-BF4B-00C04F79EFBC}") = "Task_3", "Task_3\Task_3.csproj", "{21FA7FCC-D8D2-4657-8AB3-CC6E1566171C}"
EndProject
Project("{FAE04EC0-301F-11D3-BF4B-00C04F79EFBC}") = "Operator", "Operator\Operator.csproj", "{204FF763-7211-4AE9-A166-A503F4E4E64B}"
EndProject
Global
	GlobalSection(SolutionConfigurationPlatforms) = preSolution
		Debug|Any CPU = Debug|Any CPU
		Release|Any CPU = Release|Any CPU
	EndGlobalSection
	GlobalSection(ProjectConfigurationPlatforms) = postSolution
		{528DC3D1-A0DF-4725-8CCD-E6C9B2CE6CFE}.Debug|Any CPU.ActiveCfg = Debug|Any CPU
		{528DC3D1-A0DF-4725-8CCD-E6C9B2CE6CFE}.Debug|Any CPU.Build.0 = Debug|Any CPU
		{528DC3D1-A0DF-4725-8CCD-E6C9B2CE6CFE}.Release|Any CPU.ActiveCfg = Release|Any CPU
		{528DC3D1-A0DF-4725-8CCD-E6C9B2CE6CFE}.Release|Any CPU.Build.0 = Release|Any CPU
		{22AE7620-4F6E-492C-8A76-435DA73DE6E5}.Debug|Any CPU.ActiveCfg = Debug|Any CPU
		{22AE7620-4F6E-492C-8A76-435DA73DE6E5}.Debug|Any CPU.Build.0 = Debug|Any CPU
		{22AE7620-4F6E-492C-8A76-435DA73DE6E5}.Release|Any CPU.ActiveCfg = Release|Any CPU
		{22AE7620-4F6E-492C-8A76-435DA73DE6E5}.Release|Any CPU.Build.0 = Release|Any CPU
		{BF94CE08-B9B4-4969-B23A-0B74F83A9967}.Debug|Any CPU.ActiveCfg = Debug|Any CPU
		{BF94CE08-B9B4-4969-B23A-0B74F83A9967}.Debug|Any CPU.Build.0 = Debug|Any CPU
		{BF94CE08-B9B4-4969-B23A-0B74F83A9967}.Release|Any CPU.ActiveCfg = Release|Any CPU
		{BF94CE08-B9B4-4969-B23A-0B74F83A9967}.Release|Any CPU.Build.0 = Release|Any CPU
		{23D0BFE8-4B5B-437A-BAF9-F015ECF8F4E9}.Debug|Any CPU.ActiveCfg = Debug|Any CPU
		{23D0BFE8-4B5B-437A-BAF9-F015ECF8F4E9}.Debug|Any CPU.Build.0 = Debug|Any CPU
		{23D0BFE8-4B5B-437A-BAF9-F015ECF8F4E9}.Release|Any CPU.ActiveCfg = Release|Any CPU
		{23D0BFE8-4B5B-437A-BAF9-F015ECF8F4E9}.Release|Any CPU.Build.0 = Release|Any CPU
		{19FC7C1C-B27D-43E6-B498-1C2FD5D9F083}.Debug|Any CPU.ActiveCfg = Debug|Any CPU
		{19FC7C1C-B27D-43E6-B498-1C2FD5D9F083}.Debug|Any CPU.Build.0 = Debug|Any CPU
		{19FC7C1C-B27D-43E6-B498-1C2FD5D9F083}.Release|Any CPU.ActiveCfg = Release|Any CPU
		{19FC7C1C-B27D-43E6-B498-1C2FD5D9F083}.Release|Any CPU.Build.0 = Release|Any CPU
		{90F936EF-6A15-4CD5-8038-1069277D78B9}.Debug|Any CPU.ActiveCfg = Debug|Any CPU
		{90F936EF-6A15-4CD5-8038-1069277D78B9}.Debug|Any CPU.Build.0 = Debug|Any CPU
		{90F936EF-6A15-4CD5-8038-1069277D78B9}.Release|Any CPU.ActiveCfg = Release|Any CPU
		{90F936EF-6A15-4CD5-8038-1069277D78B9}.Release|Any CPU.Build.0 = Release|Any CPU
		{21FA7FCC-D8D2-4657-8AB3-CC6E1566171C}.Debug|Any CPU.ActiveCfg = Debug|Any CPU
		{21FA7FCC-D8D2-4657-8AB3-CC6E1566171C}.Debug|Any CPU.Build.0 = Debug|Any CPU
		{21FA7FCC-D8D2-4657-8AB3-CC6E1566171C}.Release|Any CPU.ActiveCfg = Release|Any CPU
		{21FA7FCC-D8D2-4657-8AB3-CC6E1566171C}.Release|Any CPU.Build.0 = Release|Any CPU
		{204FF763-7211-4AE9-A166-A503F4E4E64B}.Debug|Any CPU.ActiveCfg = Debug|Any CPU
		{204FF763-7211-4AE9-A166-A503F4E4E64B}.Debug|Any CPU.Build.0 = Debug|Any CPU
		{204FF763-7211-4AE9-A166-A503F4E4E64B}.Release|Any CPU.ActiveCfg = Release|Any CPU
		{204FF763-7211-4AE9-A166-A503F4E4E64B}.Release|Any CPU.Build.0 = Release|Any CPU
	EndGlobalSection
	GlobalSection(SolutionProperties) = preSolution
		HideSolutionNode = FALSE
	EndGlobalSection
	GlobalSection(ExtensibilityGlobals) = postSolution
		SolutionGuid = {8ED253D0-1791-49F2-A0EB-5CBA7A4B3577}
	EndGlobalSection
EndGlobal
