
Microsoft Visual Studio Solution File, Format Version 12.00
# Visual Studio 15
VisualStudioVersion = 15.0.27004.2010
MinimumVisualStudioVersion = 10.0.40219.1
Project("{FAE04EC0-301F-11D3-BF4B-00C04F79EFBC}") = "for_while", "for_while\for_while.csproj", "{528DC3D1-A0DF-4725-8CCD-E6C9B2CE6CFE}"
EndProject
Project("{FAE04EC0-301F-11D3-BF4B-00C04F79EFBC}") = "ArrayNew", "ArrayNew\ArrayNew.csproj", "{22AE7620-4F6E-492C-8A76-435DA73DE6E5}"
EndProject
Project("{FAE04EC0-301F-11D3-BF4B-00C04F79EFBC}") = "Polindrom", "Polindrom\Polindrom.csproj", "{BF94CE08-B9B4-4969-B23A-0B74F83A9967}"
EndProject
Global
	GlobalSection(SolutionConfigurationPlatforms) = preSolution
		Debug|Any CPU = Debug|Any CPU
		Release|Any CPU = Release|Any CPU
	EndGlobalSection
	GlobalSection(ProjectConfigurationPlatforms) = postSolution
		{528DC3D1-A0DF-4725-8CCD-E6C9B2CE6CFE}.Debug|Any CPU.ActiveCfg = Debug|Any CPU
		{528DC3D1-A0DF-4725-8CCD-E6C9B2CE6CFE}.Debug|Any CPU.Build.0 = Debug|Any CPU
		{528DC3D1-A0DF-4725-8CCD-E6C9B2CE6CFE}.Release|Any CPU.ActiveCfg = Release|Any CPU
		{528DC3D1-A0DF-4725-8CCD-E6C9B2CE6CFE}.Release|Any CPU.Build.0 = Release|Any CPU
		{22AE7620-4F6E-492C-8A76-435DA73DE6E5}.Debug|Any CPU.ActiveCfg = Debug|Any CPU
		{22AE7620-4F6E-492C-8A76-435DA73DE6E5}.Debug|Any CPU.Build.0 = Debug|Any CPU
		{22AE7620-4F6E-492C-8A76-435DA73DE6E5}.Release|Any CPU.ActiveCfg = Release|Any CPU
		{22AE7620-4F6E-492C-8A76-435DA73DE6E5}.Release|Any CPU.Build.0 = Release|Any CPU
		{BF94CE08-B9B4-4969-B23A-0B74F83A9967}.Debug|Any CPU.ActiveCfg = Debug|Any CPU
		{BF94CE08-B9B4-4969-B23A-0B74F83A9967}.Debug|Any CPU.Build.0 = Debug|Any CPU
		{BF94CE08-B9B4-4969-B23A-0B74F83A9967}.Release|Any CPU.ActiveCfg = Release|Any CPU
		{BF94CE08-B9B4-4969-B23A-0B74F83A9967}.Release|Any CPU.Build.0 = Release|Any CPU
	EndGlobalSection
	GlobalSection(SolutionProperties) = preSolution
		HideSolutionNode = FALSE
	EndGlobalSection
	GlobalSection(ExtensibilityGlobals) = postSolution
		SolutionGuid = {8ED253D0-1791-49F2-A0EB-5CBA7A4B3577}
	EndGlobalSection
EndGlobal
