
Microsoft Visual Studio Solution File, Format Version 12.00
# Visual Studio 15
VisualStudioVersion = 15.0.27130.2003
MinimumVisualStudioVersion = 10.0.40219.1
Project("{FAE04EC0-301F-11D3-BF4B-00C04F79EFBC}") = "TestConsol", "TestConsol\TestConsol.csproj", "{503C110F-0BB7-4BFA-83ED-C3B472CA9FDF}"
EndProject
Project("{FAE04EC0-301F-11D3-BF4B-00C04F79EFBC}") = "ExDebug", "ExDebug\ExDebug.csproj", "{E8A7CE89-F0E0-41C4-87A2-1AE1E4D087F3}"
EndProject
Project("{FAE04EC0-301F-11D3-BF4B-00C04F79EFBC}") = "ExIfElse", "ExIfElse\ExIfElse.csproj", "{EE18842F-84F2-4414-8244-708E135FC902}"
EndProject
Project("{FAE04EC0-301F-11D3-BF4B-00C04F79EFBC}") = "Average", "average\Average.csproj", "{34539ADD-EECB-40FB-9317-329DBE376DD6}"
EndProject
Project("{FAE04EC0-301F-11D3-BF4B-00C04F79EFBC}") = "Array", "Array\Array.csproj", "{918DA316-6071-46BA-BF6A-5FF49C8123ED}"
EndProject
Project("{FAE04EC0-301F-11D3-BF4B-00C04F79EFBC}") = "String", "String\String.csproj", "{9A227895-EBD2-48A2-9FA8-345931EEDCA4}"
EndProject
Project("{FAE04EC0-301F-11D3-BF4B-00C04F79EFBC}") = "StringBuilder", "StringBuilder\StringBuilder.csproj", "{B2AD99FF-756F-466C-ADC6-5FCACE23ECE6}"
EndProject
Project("{FAE04EC0-301F-11D3-BF4B-00C04F79EFBC}") = "List", "List\List.csproj", "{DB4F3EB7-825B-4386-B533-DBE5E039D07A}"
EndProject
Project("{FAE04EC0-301F-11D3-BF4B-00C04F79EFBC}") = "Dictionary", "Dictionary\Dictionary.csproj", "{B5A93B98-8C5D-4503-9B9D-2B3F04B6EF43}"
EndProject
Project("{FAE04EC0-301F-11D3-BF4B-00C04F79EFBC}") = "File", "File\File.csproj", "{31354923-B347-416A-9C02-AD2A70C255FA}"
EndProject
Project("{FAE04EC0-301F-11D3-BF4B-00C04F79EFBC}") = "Forms", "Forms\Forms.csproj", "{B322ECC8-D922-460B-82C2-4B7CF4DF8159}"
EndProject
Project("{FAE04EC0-301F-11D3-BF4B-00C04F79EFBC}") = "FormsComboBox", "FormsComboBox\FormsComboBox.csproj", "{25037646-7630-4B60-ACEE-698880473669}"
EndProject
Project("{FAE04EC0-301F-11D3-BF4B-00C04F79EFBC}") = "DemoDialog", "DemoDialog\DemoDialog.csproj", "{C4B44910-9C15-4F3E-8CC8-2F07FBA5FDE4}"
EndProject
Project("{FAE04EC0-301F-11D3-BF4B-00C04F79EFBC}") = "MyClass", "MyClass\MyClass.csproj", "{BA4FC9BD-5693-4709-8EE9-4997566A3EBF}"
EndProject
Project("{FAE04EC0-301F-11D3-BF4B-00C04F79EFBC}") = "Block", "Block\Block.csproj", "{E5442259-8F3D-46FC-A4B8-E76FA39A1EC7}"
EndProject
Project("{FAE04EC0-301F-11D3-BF4B-00C04F79EFBC}") = "Params", "Params\Params.csproj", "{AA2D7943-5345-4CB2-94FE-CDBADCE935C5}"
EndProject
Project("{FAE04EC0-301F-11D3-BF4B-00C04F79EFBC}") = "Sumator", "Sumator\Sumator.csproj", "{EC38A2E3-DEDE-4CEC-B6F8-B0A4B19BA328}"
EndProject
Global
	GlobalSection(SolutionConfigurationPlatforms) = preSolution
		Debug|Any CPU = Debug|Any CPU
		Release|Any CPU = Release|Any CPU
	EndGlobalSection
	GlobalSection(ProjectConfigurationPlatforms) = postSolution
		{503C110F-0BB7-4BFA-83ED-C3B472CA9FDF}.Debug|Any CPU.ActiveCfg = Debug|Any CPU
		{503C110F-0BB7-4BFA-83ED-C3B472CA9FDF}.Debug|Any CPU.Build.0 = Debug|Any CPU
		{503C110F-0BB7-4BFA-83ED-C3B472CA9FDF}.Release|Any CPU.ActiveCfg = Release|Any CPU
		{503C110F-0BB7-4BFA-83ED-C3B472CA9FDF}.Release|Any CPU.Build.0 = Release|Any CPU
		{E8A7CE89-F0E0-41C4-87A2-1AE1E4D087F3}.Debug|Any CPU.ActiveCfg = Debug|Any CPU
		{E8A7CE89-F0E0-41C4-87A2-1AE1E4D087F3}.Debug|Any CPU.Build.0 = Debug|Any CPU
		{E8A7CE89-F0E0-41C4-87A2-1AE1E4D087F3}.Release|Any CPU.ActiveCfg = Release|Any CPU
		{E8A7CE89-F0E0-41C4-87A2-1AE1E4D087F3}.Release|Any CPU.Build.0 = Release|Any CPU
		{EE18842F-84F2-4414-8244-708E135FC902}.Debug|Any CPU.ActiveCfg = Debug|Any CPU
		{EE18842F-84F2-4414-8244-708E135FC902}.Debug|Any CPU.Build.0 = Debug|Any CPU
		{EE18842F-84F2-4414-8244-708E135FC902}.Release|Any CPU.ActiveCfg = Release|Any CPU
		{EE18842F-84F2-4414-8244-708E135FC902}.Release|Any CPU.Build.0 = Release|Any CPU
		{34539ADD-EECB-40FB-9317-329DBE376DD6}.Debug|Any CPU.ActiveCfg = Debug|Any CPU
		{34539ADD-EECB-40FB-9317-329DBE376DD6}.Debug|Any CPU.Build.0 = Debug|Any CPU
		{34539ADD-EECB-40FB-9317-329DBE376DD6}.Release|Any CPU.ActiveCfg = Release|Any CPU
		{34539ADD-EECB-40FB-9317-329DBE376DD6}.Release|Any CPU.Build.0 = Release|Any CPU
		{918DA316-6071-46BA-BF6A-5FF49C8123ED}.Debug|Any CPU.ActiveCfg = Debug|Any CPU
		{918DA316-6071-46BA-BF6A-5FF49C8123ED}.Debug|Any CPU.Build.0 = Debug|Any CPU
		{918DA316-6071-46BA-BF6A-5FF49C8123ED}.Release|Any CPU.ActiveCfg = Release|Any CPU
		{918DA316-6071-46BA-BF6A-5FF49C8123ED}.Release|Any CPU.Build.0 = Release|Any CPU
		{9A227895-EBD2-48A2-9FA8-345931EEDCA4}.Debug|Any CPU.ActiveCfg = Debug|Any CPU
		{9A227895-EBD2-48A2-9FA8-345931EEDCA4}.Debug|Any CPU.Build.0 = Debug|Any CPU
		{9A227895-EBD2-48A2-9FA8-345931EEDCA4}.Release|Any CPU.ActiveCfg = Release|Any CPU
		{9A227895-EBD2-48A2-9FA8-345931EEDCA4}.Release|Any CPU.Build.0 = Release|Any CPU
		{B2AD99FF-756F-466C-ADC6-5FCACE23ECE6}.Debug|Any CPU.ActiveCfg = Debug|Any CPU
		{B2AD99FF-756F-466C-ADC6-5FCACE23ECE6}.Debug|Any CPU.Build.0 = Debug|Any CPU
		{B2AD99FF-756F-466C-ADC6-5FCACE23ECE6}.Release|Any CPU.ActiveCfg = Release|Any CPU
		{B2AD99FF-756F-466C-ADC6-5FCACE23ECE6}.Release|Any CPU.Build.0 = Release|Any CPU
		{DB4F3EB7-825B-4386-B533-DBE5E039D07A}.Debug|Any CPU.ActiveCfg = Debug|Any CPU
		{DB4F3EB7-825B-4386-B533-DBE5E039D07A}.Debug|Any CPU.Build.0 = Debug|Any CPU
		{DB4F3EB7-825B-4386-B533-DBE5E039D07A}.Release|Any CPU.ActiveCfg = Release|Any CPU
		{DB4F3EB7-825B-4386-B533-DBE5E039D07A}.Release|Any CPU.Build.0 = Release|Any CPU
		{B5A93B98-8C5D-4503-9B9D-2B3F04B6EF43}.Debug|Any CPU.ActiveCfg = Debug|Any CPU
		{B5A93B98-8C5D-4503-9B9D-2B3F04B6EF43}.Debug|Any CPU.Build.0 = Debug|Any CPU
		{B5A93B98-8C5D-4503-9B9D-2B3F04B6EF43}.Release|Any CPU.ActiveCfg = Release|Any CPU
		{B5A93B98-8C5D-4503-9B9D-2B3F04B6EF43}.Release|Any CPU.Build.0 = Release|Any CPU
		{31354923-B347-416A-9C02-AD2A70C255FA}.Debug|Any CPU.ActiveCfg = Debug|Any CPU
		{31354923-B347-416A-9C02-AD2A70C255FA}.Debug|Any CPU.Build.0 = Debug|Any CPU
		{31354923-B347-416A-9C02-AD2A70C255FA}.Release|Any CPU.ActiveCfg = Release|Any CPU
		{31354923-B347-416A-9C02-AD2A70C255FA}.Release|Any CPU.Build.0 = Release|Any CPU
		{B322ECC8-D922-460B-82C2-4B7CF4DF8159}.Debug|Any CPU.ActiveCfg = Debug|Any CPU
		{B322ECC8-D922-460B-82C2-4B7CF4DF8159}.Debug|Any CPU.Build.0 = Debug|Any CPU
		{B322ECC8-D922-460B-82C2-4B7CF4DF8159}.Release|Any CPU.ActiveCfg = Release|Any CPU
		{B322ECC8-D922-460B-82C2-4B7CF4DF8159}.Release|Any CPU.Build.0 = Release|Any CPU
		{25037646-7630-4B60-ACEE-698880473669}.Debug|Any CPU.ActiveCfg = Debug|Any CPU
		{25037646-7630-4B60-ACEE-698880473669}.Debug|Any CPU.Build.0 = Debug|Any CPU
		{25037646-7630-4B60-ACEE-698880473669}.Release|Any CPU.ActiveCfg = Release|Any CPU
		{25037646-7630-4B60-ACEE-698880473669}.Release|Any CPU.Build.0 = Release|Any CPU
		{C4B44910-9C15-4F3E-8CC8-2F07FBA5FDE4}.Debug|Any CPU.ActiveCfg = Debug|Any CPU
		{C4B44910-9C15-4F3E-8CC8-2F07FBA5FDE4}.Debug|Any CPU.Build.0 = Debug|Any CPU
		{C4B44910-9C15-4F3E-8CC8-2F07FBA5FDE4}.Release|Any CPU.ActiveCfg = Release|Any CPU
		{C4B44910-9C15-4F3E-8CC8-2F07FBA5FDE4}.Release|Any CPU.Build.0 = Release|Any CPU
		{BA4FC9BD-5693-4709-8EE9-4997566A3EBF}.Debug|Any CPU.ActiveCfg = Debug|Any CPU
		{BA4FC9BD-5693-4709-8EE9-4997566A3EBF}.Debug|Any CPU.Build.0 = Debug|Any CPU
		{BA4FC9BD-5693-4709-8EE9-4997566A3EBF}.Release|Any CPU.ActiveCfg = Release|Any CPU
		{BA4FC9BD-5693-4709-8EE9-4997566A3EBF}.Release|Any CPU.Build.0 = Release|Any CPU
		{E5442259-8F3D-46FC-A4B8-E76FA39A1EC7}.Debug|Any CPU.ActiveCfg = Debug|Any CPU
		{E5442259-8F3D-46FC-A4B8-E76FA39A1EC7}.Debug|Any CPU.Build.0 = Debug|Any CPU
		{E5442259-8F3D-46FC-A4B8-E76FA39A1EC7}.Release|Any CPU.ActiveCfg = Release|Any CPU
		{E5442259-8F3D-46FC-A4B8-E76FA39A1EC7}.Release|Any CPU.Build.0 = Release|Any CPU
		{AA2D7943-5345-4CB2-94FE-CDBADCE935C5}.Debug|Any CPU.ActiveCfg = Debug|Any CPU
		{AA2D7943-5345-4CB2-94FE-CDBADCE935C5}.Debug|Any CPU.Build.0 = Debug|Any CPU
		{AA2D7943-5345-4CB2-94FE-CDBADCE935C5}.Release|Any CPU.ActiveCfg = Release|Any CPU
		{AA2D7943-5345-4CB2-94FE-CDBADCE935C5}.Release|Any CPU.Build.0 = Release|Any CPU
		{EC38A2E3-DEDE-4CEC-B6F8-B0A4B19BA328}.Debug|Any CPU.ActiveCfg = Debug|Any CPU
		{EC38A2E3-DEDE-4CEC-B6F8-B0A4B19BA328}.Debug|Any CPU.Build.0 = Debug|Any CPU
		{EC38A2E3-DEDE-4CEC-B6F8-B0A4B19BA328}.Release|Any CPU.ActiveCfg = Release|Any CPU
		{EC38A2E3-DEDE-4CEC-B6F8-B0A4B19BA328}.Release|Any CPU.Build.0 = Release|Any CPU
	EndGlobalSection
	GlobalSection(SolutionProperties) = preSolution
		HideSolutionNode = FALSE
	EndGlobalSection
	GlobalSection(ExtensibilityGlobals) = postSolution
		SolutionGuid = {8ED253D0-1791-49F2-A0EB-5CBA7A4B3577}
	EndGlobalSection
EndGlobal
